{
  "name": "host",
  "version": "1.0.0",
  "lockfileVersion": 1,
  "requires": true,
  "dependencies": {
    "@babel/runtime": {
      "version": "7.9.6",
      "resolved": "https://registry.npmjs.org/@babel/runtime/-/runtime-7.9.6.tgz",
      "integrity": "sha512-64AF1xY3OAkFHqOb9s4jpgk1Mm5vDZ4L3acHvAml+53nO1XbXLuDodsVpO4OIUsmemlUHMxNdYMNJmsvOwLrvQ==",
      "requires": {
        "regenerator-runtime": "^0.13.4"
      }
    },
    "i18next": {
      "version": "19.4.4",
      "resolved": "https://registry.npmjs.org/i18next/-/i18next-19.4.4.tgz",
      "integrity": "sha512-ofaHtdsDdX3A5nYur1HWblB7J4hIcjr2ACdnwTAJgc8hTfPbyzZfGX0hVkKpI3vzDIgO6Uzc4v1ffW2W6gG6zw==",
      "requires": {
        "@babel/runtime": "^7.3.1"
      }
    },
    "i18next-http-middleware": {
      "version": "1.0.4",
      "resolved": "https://registry.npmjs.org/i18next-http-middleware/-/i18next-http-middleware-1.0.4.tgz",
      "integrity": "sha512-ioH4LdcCeY6b5pIJppiw86ZjYnV2SnotZkDbGrLybnbc7qTBru4EnXXgMc7bWBjnIfhslW5usHddn6nojeIphw=="
    },
    "regenerator-runtime": {
      "version": "0.13.5",
      "resolved": "https://registry.npmjs.org/regenerator-runtime/-/regenerator-runtime-0.13.5.tgz",
      "integrity": "sha512-ZS5w8CpKFinUzOwW3c83oPeVXoNsrLsaCoLtJvAClH135j/R77RuymhiSErhm2lKcwSCIpmvIWSbDkIfAqKQlA=="
    }
  }
}
